// !$*UTF8*$!
{
	archiveVersion = 1;
	classes = {
	};
	objectVersion = 55;
	objects = {

/* Begin PBXBuildFile section */
		37391E6029FA731A005A254F /* AppDelegate.swift in Sources */ = {isa = PBXBuildFile; fileRef = 37391E5F29FA731A005A254F /* AppDelegate.swift */; };
		37391E6229FA731A005A254F /* SceneDelegate.swift in Sources */ = {isa = PBXBuildFile; fileRef = 37391E6129FA731A005A254F /* SceneDelegate.swift */; };
		37391E6429FA731A005A254F /* ViewController.swift in Sources */ = {isa = PBXBuildFile; fileRef = 37391E6329FA731A005A254F /* ViewController.swift */; };
		37391E6729FA731A005A254F /* Main.storyboard in Resources */ = {isa = PBXBuildFile; fileRef = 37391E6529FA731A005A254F /* Main.storyboard */; };
		37391E6929FA731C005A254F /* Assets.xcassets in Resources */ = {isa = PBXBuildFile; fileRef = 37391E6829FA731C005A254F /* Assets.xcassets */; };
		37391E6C29FA731C005A254F /* LaunchScreen.storyboard in Resources */ = {isa = PBXBuildFile; fileRef = 37391E6A29FA731C005A254F /* LaunchScreen.storyboard */; };
		37391E7429FA7526005A254F /* GetWeatherViewController.swift in Sources */ = {isa = PBXBuildFile; fileRef = 37391E7329FA7526005A254F /* GetWeatherViewController.swift */; };
		37391E7729FA8246005A254F /* Alamofire in Frameworks */ = {isa = PBXBuildFile; productRef = 37391E7629FA8246005A254F /* Alamofire */; };
		37391E7929FA8DA3005A254F /* WeatherModel.swift in Sources */ = {isa = PBXBuildFile; fileRef = 37391E7829FA8DA3005A254F /* WeatherModel.swift */; };
/* End PBXBuildFile section */

/* Begin PBXFileReference section */
		37391E5C29FA731A005A254F /* weatherr.app */ = {isa = PBXFileReference; explicitFileType = wrapper.application; includeInIndex = 0; path = weatherr.app; sourceTree = BUILT_PRODUCTS_DIR; };
		37391E5F29FA731A005A254F /* AppDelegate.swift */ = {isa = PBXFileReference; lastKnownFileType = sourcecode.swift; path = AppDelegate.swift; sourceTree = "<group>"; };
		37391E6129FA731A005A254F /* SceneDelegate.swift */ = {isa = PBXFileReference; lastKnownFileType = sourcecode.swift; path = SceneDelegate.swift; sourceTree = "<group>"; };
		37391E6329FA731A005A254F /* ViewController.swift */ = {isa = PBXFileReference; lastKnownFileType = sourcecode.swift; path = ViewController.swift; sourceTree = "<group>"; };
		37391E6629FA731A005A254F /* Base */ = {isa = PBXFileReference; lastKnownFileType = file.storyboard; name = Base; path = Base.lproj/Main.storyboard; sourceTree = "<group>"; };
		37391E6829FA731C005A254F /* Assets.xcassets */ = {isa = PBXFileReference; lastKnownFileType = folder.assetcatalog; path = Assets.xcassets; sourceTree = "<group>"; };
		37391E6B29FA731C005A254F /* Base */ = {isa = PBXFileReference; lastKnownFileType = file.storyboard; name = Base; path = Base.lproj/LaunchScreen.storyboard; sourceTree = "<group>"; };
		37391E6D29FA731C005A254F /* Info.plist */ = {isa = PBXFileReference; lastKnownFileType = text.plist.xml; path = Info.plist; sourceTree = "<group>"; };
		37391E7329FA7526005A254F /* GetWeatherViewController.swift */ = {isa = PBXFileReference; lastKnownFileType = sourcecode.swift; path = GetWeatherViewController.swift; sourceTree = "<group>"; };
		37391E7829FA8DA3005A254F /* WeatherModel.swift */ = {isa = PBXFileReference; lastKnownFileType = sourcecode.swift; path = WeatherModel.swift; sourceTree = "<group>"; };
/* End PBXFileReference section */

/* Begin PBXFrameworksBuildPhase section */
		37391E5929FA731A005A254F /* Frameworks */ = {
			isa = PBXFrameworksBuildPhase;
			buildActionMask = 2147483647;
			files = (
				37391E7729FA8246005A254F /* Alamofire in Frameworks */,
			);
			runOnlyForDeploymentPostprocessing = 0;
		};
/* End PBXFrameworksBuildPhase section */

/* Begin PBXGroup section */
		37391E5329FA731A005A254F = {
			isa = PBXGroup;
			children = (
				37391E5E29FA731A005A254F /* weatherr */,
				37391E5D29FA731A005A254F /* Products */,
			);
			sourceTree = "<group>";
		};
		37391E5D29FA731A005A254F /* Products */ = {
			isa = PBXGroup;
			children = (
				37391E5C29FA731A005A254F /* weatherr.app */,
			);
			name = Products;
			sourceTree = "<group>";
		};
		37391E5E29FA731A005A254F /* weatherr */ = {
			isa = PBXGroup;
			children = (
				37391E5F29FA731A005A254F /* AppDelegate.swift */,
				37391E6129FA731A005A254F /* SceneDelegate.swift */,
				37391E6329FA731A005A254F /* ViewController.swift */,
				37391E6529FA731A005A254F /* Main.storyboard */,
				37391E6829FA731C005A254F /* Assets.xcassets */,
				37391E6A29FA731C005A254F /* LaunchScreen.storyboard */,
				37391E6D29FA731C005A254F /* Info.plist */,
				37391E7329FA7526005A254F /* GetWeatherViewController.swift */,
				37391E7829FA8DA3005A254F /* WeatherModel.swift */,
			);
			path = weatherr;
			sourceTree = "<group>";
		};
/* End PBXGroup section */

/* Begin PBXNativeTarget section */
		37391E5B29FA731A005A254F /* weatherr */ = {
			isa = PBXNativeTarget;
			buildConfigurationList = 37391E7029FA731C005A254F /* Build configuration list for PBXNativeTarget "weatherr" */;
			buildPhases = (
				37391E5829FA731A005A254F /* Sources */,
				37391E5929FA731A005A254F /* Frameworks */,
				37391E5A29FA731A005A254F /* Resources */,
			);
			buildRules = (
			);
			dependencies = (
			);
			name = weatherr;
			packageProductDependencies = (
				37391E7629FA8246005A254F /* Alamofire */,
			);
			productName = weatherr;
			productReference = 37391E5C29FA731A005A254F /* weatherr.app */;
			productType = "com.apple.product-type.application";
		};
/* End PBXNativeTarget section */

/* Begin PBXProject section */
		37391E5429FA731A005A254F /* Project object */ = {
			isa = PBXProject;
			attributes = {
				BuildIndependentTargetsInParallel = 1;
				LastSwiftUpdateCheck = 1420;
				LastUpgradeCheck = 1420;
				TargetAttributes = {
					37391E5B29FA731A005A254F = {
						CreatedOnToolsVersion = 14.2;
					};
				};
			};
			buildConfigurationList = 37391E5729FA731A005A254F /* Build configuration list for PBXProject "weatherr" */;
			compatibilityVersion = "Xcode 13.0";
			developmentRegion = en;
			hasScannedForEncodings = 0;
			knownRegions = (
				en,
				Base,
			);
			mainGroup = 37391E5329FA731A005A254F;
			packageReferences = (
				37391E7529FA8246005A254F /* XCRemoteSwiftPackageReference "Alamofire" */,
			);
			productRefGroup = 37391E5D29FA731A005A254F /* Products */;
			projectDirPath = "";
			projectRoot = "";
			targets = (
				37391E5B29FA731A005A254F /* weatherr */,
			);
		};
/* End PBXProject section */

/* Begin PBXResourcesBuildPhase section */
		37391E5A29FA731A005A254F /* Resources */ = {
			isa = PBXResourcesBuildPhase;
			buildActionMask = 2147483647;
			files = (
				37391E6C29FA731C005A254F /* LaunchScreen.storyboard in Resources */,
				37391E6929FA731C005A254F /* Assets.xcassets in Resources */,
				37391E6729FA731A005A254F /* Main.storyboard in Resources */,
			);
			runOnlyForDeploymentPostprocessing = 0;
		};
/* End PBXResourcesBuildPhase section */

/* Begin PBXSourcesBuildPhase section */
		37391E5829FA731A005A254F /* Sources */ = {
			isa = PBXSourcesBuildPhase;
			buildActionMask = 2147483647;
			files = (
				37391E7429FA7526005A254F /* GetWeatherViewController.swift in Sources */,
				37391E6429FA731A005A254F /* ViewController.swift in Sources */,
				37391E6029FA731A005A254F /* AppDelegate.swift in Sources */,
				37391E6229FA731A005A254F /* SceneDelegate.swift in Sources */,
				37391E7929FA8DA3005A254F /* WeatherModel.swift in Sources */,
			);
			runOnlyForDeploymentPostprocessing = 0;
		};
/* End PBXSourcesBuildPhase section */

/* Begin PBXVariantGroup section */
		37391E6529FA731A005A254F /* Main.storyboard */ = {
			isa = PBXVariantGroup;
			children = (
				37391E6629FA731A005A254F /* Base */,
			);
			name = Main.storyboard;
			sourceTree = "<group>";
		};
		37391E6A29FA731C005A254F /* LaunchScreen.storyboard */ = {
			isa = PBXVariantGroup;
			children = (
				37391E6B29FA731C005A254F /* Base */,
			);
			name = LaunchScreen.storyboard;
			sourceTree = "<group>";
		};
/* End PBXVariantGroup section */

/* Begin XCBuildConfiguration section */
		37391E6E29FA731C005A254F /* Debug */ = {
			isa = XCBuildConfiguration;
			buildSettings = {
				ALWAYS_SEARCH_USER_PATHS = NO;
				CLANG_ANALYZER_NONNULL = YES;
				CLANG_ANALYZER_NUMBER_OBJECT_CONVERSION = YES_AGGRESSIVE;
				CLANG_CXX_LANGUAGE_STANDARD = "gnu++20";
				CLANG_ENABLE_MODULES = YES;
				CLANG_ENABLE_OBJC_ARC = YES;
				CLANG_ENABLE_OBJC_WEAK = YES;
				CLANG_WARN_BLOCK_CAPTURE_AUTORELEASING = YES;
				CLANG_WARN_BOOL_CONVERSION = YES;
				CLANG_WARN_COMMA = YES;
				CLANG_WARN_CONSTANT_CONVERSION = YES;
				CLANG_WARN_DEPRECATED_OBJC_IMPLEMENTATIONS = YES;
				CLANG_WARN_DIRECT_OBJC_ISA_USAGE = YES_ERROR;
				CLANG_WARN_DOCUMENTATION_COMMENTS = YES;
				CLANG_WARN_EMPTY_BODY = YES;
				CLANG_WARN_ENUM_CONVERSION = YES;
				CLANG_WARN_INFINITE_RECURSION = YES;
				CLANG_WARN_INT_CONVERSION = YES;
				CLANG_WARN_NON_LITERAL_NULL_CONVERSION = YES;
				CLANG_WARN_OBJC_IMPLICIT_RETAIN_SELF = YES;
				CLANG_WARN_OBJC_LITERAL_CONVERSION = YES;
				CLANG_WARN_OBJC_ROOT_CLASS = YES_ERROR;
				CLANG_WARN_QUOTED_INCLUDE_IN_FRAMEWORK_HEADER = YES;
				CLANG_WARN_RANGE_LOOP_ANALYSIS = YES;
				CLANG_WARN_STRICT_PROTOTYPES = YES;
				CLANG_WARN_SUSPICIOUS_MOVE = YES;
				CLANG_WARN_UNGUARDED_AVAILABILITY = YES_AGGRESSIVE;
				CLANG_WARN_UNREACHABLE_CODE = YES;
				CLANG_WARN__DUPLICATE_METHOD_MATCH = YES;
				COPY_PHASE_STRIP = NO;
				DEBUG_INFORMATION_FORMAT = dwarf;
				ENABLE_STRICT_OBJC_MSGSEND = YES;
				ENABLE_TESTABILITY = YES;
				GCC_C_LANGUAGE_STANDARD = gnu11;
				GCC_DYNAMIC_NO_PIC = NO;
				GCC_NO_COMMON_BLOCKS = YES;
				GCC_OPTIMIZATION_LEVEL = 0;
				GCC_PREPROCESSOR_DEFINITIONS = (
					"DEBUG=1",
					"$(inherited)",
				);
				GCC_WARN_64_TO_32_BIT_CONVERSION = YES;
				GCC_WARN_ABOUT_RETURN_TYPE = YES_ERROR;
				GCC_WARN_UNDECLARED_SELECTOR = YES;
				GCC_WARN_UNINITIALIZED_AUTOS = YES_AGGRESSIVE;
				GCC_WARN_UNUSED_FUNCTION = YES;
				GCC_WARN_UNUSED_VARIABLE = YES;
				IPHONEOS_DEPLOYMENT_TARGET = 15.0;
				MTL_ENABLE_DEBUG_INFO = INCLUDE_SOURCE;
				MTL_FAST_MATH = YES;
				ONLY_ACTIVE_ARCH = YES;
				SDKROOT = iphoneos;
				SWIFT_ACTIVE_COMPILATION_CONDITIONS = DEBUG;
				SWIFT_OPTIMIZATION_LEVEL = "-Onone";
			};
			name = Debug;
		};
		37391E6F29FA731C005A254F /* Release */ = {
			isa = XCBuildConfiguration;
			buildSettings = {
				ALWAYS_SEARCH_USER_PATHS = NO;
				CLANG_ANALYZER_NONNULL = YES;
				CLANG_ANALYZER_NUMBER_OBJECT_CONVERSION = YES_AGGRESSIVE;
				CLANG_CXX_LANGUAGE_STANDARD = "gnu++20";
				CLANG_ENABLE_MODULES = YES;
				CLANG_ENABLE_OBJC_ARC = YES;
				CLANG_ENABLE_OBJC_WEAK = YES;
				CLANG_WARN_BLOCK_CAPTURE_AUTORELEASING = YES;
				CLANG_WARN_BOOL_CONVERSION = YES;
				CLANG_WARN_COMMA = YES;
				CLANG_WARN_CONSTANT_CONVERSION = YES;
				CLANG_WARN_DEPRECATED_OBJC_IMPLEMENTATIONS = YES;
				CLANG_WARN_DIRECT_OBJC_ISA_USAGE = YES_ERROR;
				CLANG_WARN_DOCUMENTATION_COMMENTS = YES;
				CLANG_WARN_EMPTY_BODY = YES;
				CLANG_WARN_ENUM_CONVERSION = YES;
				CLANG_WARN_INFINITE_RECURSION = YES;
				CLANG_WARN_INT_CONVERSION = YES;
				CLANG_WARN_NON_LITERAL_NULL_CONVERSION = YES;
				CLANG_WARN_OBJC_IMPLICIT_RETAIN_SELF = YES;
				CLANG_WARN_OBJC_LITERAL_CONVERSION = YES;
				CLANG_WARN_OBJC_ROOT_CLASS = YES_ERROR;
				CLANG_WARN_QUOTED_INCLUDE_IN_FRAMEWORK_HEADER = YES;
				CLANG_WARN_RANGE_LOOP_ANALYSIS = YES;
				CLANG_WARN_STRICT_PROTOTYPES = YES;
				CLANG_WARN_SUSPICIOUS_MOVE = YES;
				CLANG_WARN_UNGUARDED_AVAILABILITY = YES_AGGRESSIVE;
				CLANG_WARN_UNREACHABLE_CODE = YES;
				CLANG_WARN__DUPLICATE_METHOD_MATCH = YES;
				COPY_PHASE_STRIP = NO;
				DEBUG_INFORMATION_FORMAT = "dwarf-with-dsym";
				ENABLE_NS_ASSERTIONS = NO;
				ENABLE_STRICT_OBJC_MSGSEND = YES;
				GCC_C_LANGUAGE_STANDARD = gnu11;
				GCC_NO_COMMON_BLOCKS = YES;
				GCC_WARN_64_TO_32_BIT_CONVERSION = YES;
				GCC_WARN_ABOUT_RETURN_TYPE = YES_ERROR;
				GCC_WARN_UNDECLARED_SELECTOR = YES;
				GCC_WARN_UNINITIALIZED_AUTOS = YES_AGGRESSIVE;
				GCC_WARN_UNUSED_FUNCTION = YES;
				GCC_WARN_UNUSED_VARIABLE = YES;
				IPHONEOS_DEPLOYMENT_TARGET = 15.0;
				MTL_ENABLE_DEBUG_INFO = NO;
				MTL_FAST_MATH = YES;
				SDKROOT = iphoneos;
				SWIFT_COMPILATION_MODE = wholemodule;
				SWIFT_OPTIMIZATION_LEVEL = "-O";
				VALIDATE_PRODUCT = YES;
			};
			name = Release;
		};
		37391E7129FA731C005A254F /* Debug */ = {
			isa = XCBuildConfiguration;
			buildSettings = {
				ASSETCATALOG_COMPILER_APPICON_NAME = AppIcon;
				ASSETCATALOG_COMPILER_GLOBAL_ACCENT_COLOR_NAME = AccentColor;
				CODE_SIGN_STYLE = Automatic;
				CURRENT_PROJECT_VERSION = 1;
				DEVELOPMENT_TEAM = UM6H87Z62Q;
				GENERATE_INFOPLIST_FILE = YES;
				INFOPLIST_FILE = weatherr/Info.plist;
				INFOPLIST_KEY_UIApplicationSupportsIndirectInputEvents = YES;
				INFOPLIST_KEY_UILaunchStoryboardName = LaunchScreen;
				INFOPLIST_KEY_UIMainStoryboardFile = Main;
				INFOPLIST_KEY_UISupportedInterfaceOrientations_iPad = "UIInterfaceOrientationPortrait UIInterfaceOrientationPortraitUpsideDown UIInterfaceOrientationLandscapeLeft UIInterfaceOrientationLandscapeRight";
				INFOPLIST_KEY_UISupportedInterfaceOrientations_iPhone = "UIInterfaceOrientationPortrait UIInterfaceOrientationLandscapeLeft UIInterfaceOrientationLandscapeRight";
				LD_RUNPATH_SEARCH_PATHS = (
					"$(inherited)",
					"@executable_path/Frameworks",
				);
				MARKETING_VERSION = 1.0;
				PRODUCT_BUNDLE_IDENTIFIER = Daniyal4Real.weatherr;
				PRODUCT_NAME = "$(TARGET_NAME)";
				SWIFT_EMIT_LOC_STRINGS = YES;
				SWIFT_VERSION = 5.0;
				TARGETED_DEVICE_FAMILY = "1,2";
			};
			name = Debug;
		};
		37391E7229FA731C005A254F /* Release */ = {
			isa = XCBuildConfiguration;
			buildSettings = {
				ASSETCATALOG_COMPILER_APPICON_NAME = AppIcon;
				ASSETCATALOG_COMPILER_GLOBAL_ACCENT_COLOR_NAME = AccentColor;
				CODE_SIGN_STYLE = Automatic;
				CURRENT_PROJECT_VERSION = 1;
				DEVELOPMENT_TEAM = UM6H87Z62Q;
				GENERATE_INFOPLIST_FILE = YES;
				INFOPLIST_FILE = weatherr/Info.plist;
				INFOPLIST_KEY_UIApplicationSupportsIndirectInputEvents = YES;
				INFOPLIST_KEY_UILaunchStoryboardName = LaunchScreen;
				INFOPLIST_KEY_UIMainStoryboardFile = Main;
				INFOPLIST_KEY_UISupportedInterfaceOrientations_iPad = "UIInterfaceOrientationPortrait UIInterfaceOrientationPortraitUpsideDown UIInterfaceOrientationLandscapeLeft UIInterfaceOrientationLandscapeRight";
				INFOPLIST_KEY_UISupportedInterfaceOrientations_iPhone = "UIInterfaceOrientationPortrait UIInterfaceOrientationLandscapeLeft UIInterfaceOrientationLandscapeRight";
				LD_RUNPATH_SEARCH_PATHS = (
					"$(inherited)",
					"@executable_path/Frameworks",
				);
				MARKETING_VERSION = 1.0;
				PRODUCT_BUNDLE_IDENTIFIER = Daniyal4Real.weatherr;
				PRODUCT_NAME = "$(TARGET_NAME)";
				SWIFT_EMIT_LOC_STRINGS = YES;
				SWIFT_VERSION = 5.0;
				TARGETED_DEVICE_FAMILY = "1,2";
			};
			name = Release;
		};
/* End XCBuildConfiguration section */

/* Begin XCConfigurationList section */
		37391E5729FA731A005A254F /* Build configuration list for PBXProject "weatherr" */ = {
			isa = XCConfigurationList;
			buildConfigurations = (
				37391E6E29FA731C005A254F /* Debug */,
				37391E6F29FA731C005A254F /* Release */,
			);
			defaultConfigurationIsVisible = 0;
			defaultConfigurationName = Release;
		};
		37391E7029FA731C005A254F /* Build configuration list for PBXNativeTarget "weatherr" */ = {
			isa = XCConfigurationList;
			buildConfigurations = (
				37391E7129FA731C005A254F /* Debug */,
				37391E7229FA731C005A254F /* Release */,
			);
			defaultConfigurationIsVisible = 0;
			defaultConfigurationName = Release;
		};
/* End XCConfigurationList section */

/* Begin XCRemoteSwiftPackageReference section */
		37391E7529FA8246005A254F /* XCRemoteSwiftPackageReference "Alamofire" */ = {
			isa = XCRemoteSwiftPackageReference;
			repositoryURL = "https://github.com/Alamofire/Alamofire.git";
			requirement = {
				kind = upToNextMajorVersion;
				minimumVersion = 5.0.0;
			};
		};
/* End XCRemoteSwiftPackageReference section */

/* Begin XCSwiftPackageProductDependency section */
		37391E7629FA8246005A254F /* Alamofire */ = {
			isa = XCSwiftPackageProductDependency;
			package = 37391E7529FA8246005A254F /* XCRemoteSwiftPackageReference "Alamofire" */;
			productName = Alamofire;
		};
/* End XCSwiftPackageProductDependency section */
	};
	rootObject = 37391E5429FA731A005A254F /* Project object */;
}
