// !$*UTF8*$!
{
	archiveVersion = 1;
	classes = {
	};
	objectVersion = 56;
	objects = {

/* Begin PBXBuildFile section */
		379B057029C7B1850029768E /* AppDelegate.swift in Sources */ = {isa = PBXBuildFile; fileRef = 379B056F29C7B1850029768E /* AppDelegate.swift */; };
		379B057229C7B1850029768E /* SceneDelegate.swift in Sources */ = {isa = PBXBuildFile; fileRef = 379B057129C7B1850029768E /* SceneDelegate.swift */; };
		379B057429C7B1850029768E /* ViewController.swift in Sources */ = {isa = PBXBuildFile; fileRef = 379B057329C7B1850029768E /* ViewController.swift */; };
		379B057729C7B1850029768E /* Main.storyboard in Resources */ = {isa = PBXBuildFile; fileRef = 379B057529C7B1850029768E /* Main.storyboard */; };
		379B057929C7B1870029768E /* Assets.xcassets in Resources */ = {isa = PBXBuildFile; fileRef = 379B057829C7B1870029768E /* Assets.xcassets */; };
		379B057C29C7B1870029768E /* LaunchScreen.storyboard in Resources */ = {isa = PBXBuildFile; fileRef = 379B057A29C7B1870029768E /* LaunchScreen.storyboard */; };
		379B058529C7B1B90029768E /* SnapKit in Frameworks */ = {isa = PBXBuildFile; productRef = 379B058429C7B1B90029768E /* SnapKit */; };
		379B058729C7B1B90029768E /* SnapKit-Dynamic in Frameworks */ = {isa = PBXBuildFile; productRef = 379B058629C7B1B90029768E /* SnapKit-Dynamic */; };
		379B058929C7B1CD0029768E /* ImageCell.swift in Sources */ = {isa = PBXBuildFile; fileRef = 379B058829C7B1CD0029768E /* ImageCell.swift */; };
/* End PBXBuildFile section */

/* Begin PBXFileReference section */
		379B056C29C7B1850029768E /* Snappy.app */ = {isa = PBXFileReference; explicitFileType = wrapper.application; includeInIndex = 0; path = Snappy.app; sourceTree = BUILT_PRODUCTS_DIR; };
		379B056F29C7B1850029768E /* AppDelegate.swift */ = {isa = PBXFileReference; lastKnownFileType = sourcecode.swift; path = AppDelegate.swift; sourceTree = "<group>"; };
		379B057129C7B1850029768E /* SceneDelegate.swift */ = {isa = PBXFileReference; lastKnownFileType = sourcecode.swift; path = SceneDelegate.swift; sourceTree = "<group>"; };
		379B057329C7B1850029768E /* ViewController.swift */ = {isa = PBXFileReference; lastKnownFileType = sourcecode.swift; path = ViewController.swift; sourceTree = "<group>"; };
		379B057629C7B1850029768E /* Base */ = {isa = PBXFileReference; lastKnownFileType = file.storyboard; name = Base; path = Base.lproj/Main.storyboard; sourceTree = "<group>"; };
		379B057829C7B1870029768E /* Assets.xcassets */ = {isa = PBXFileReference; lastKnownFileType = folder.assetcatalog; path = Assets.xcassets; sourceTree = "<group>"; };
		379B057B29C7B1870029768E /* Base */ = {isa = PBXFileReference; lastKnownFileType = file.storyboard; name = Base; path = Base.lproj/LaunchScreen.storyboard; sourceTree = "<group>"; };
		379B057D29C7B1870029768E /* Info.plist */ = {isa = PBXFileReference; lastKnownFileType = text.plist.xml; path = Info.plist; sourceTree = "<group>"; };
		379B058829C7B1CD0029768E /* ImageCell.swift */ = {isa = PBXFileReference; lastKnownFileType = sourcecode.swift; path = ImageCell.swift; sourceTree = "<group>"; };
/* End PBXFileReference section */

/* Begin PBXFrameworksBuildPhase section */
		379B056929C7B1850029768E /* Frameworks */ = {
			isa = PBXFrameworksBuildPhase;
			buildActionMask = 2147483647;
			files = (
				379B058529C7B1B90029768E /* SnapKit in Frameworks */,
				379B058729C7B1B90029768E /* SnapKit-Dynamic in Frameworks */,
			);
			runOnlyForDeploymentPostprocessing = 0;
		};
/* End PBXFrameworksBuildPhase section */

/* Begin PBXGroup section */
		379B056329C7B1850029768E = {
			isa = PBXGroup;
			children = (
				379B056E29C7B1850029768E /* Snappy */,
				379B056D29C7B1850029768E /* Products */,
			);
			sourceTree = "<group>";
		};
		379B056D29C7B1850029768E /* Products */ = {
			isa = PBXGroup;
			children = (
				379B056C29C7B1850029768E /* Snappy.app */,
			);
			name = Products;
			sourceTree = "<group>";
		};
		379B056E29C7B1850029768E /* Snappy */ = {
			isa = PBXGroup;
			children = (
				379B056F29C7B1850029768E /* AppDelegate.swift */,
				379B057129C7B1850029768E /* SceneDelegate.swift */,
				379B057329C7B1850029768E /* ViewController.swift */,
				379B057529C7B1850029768E /* Main.storyboard */,
				379B057829C7B1870029768E /* Assets.xcassets */,
				379B057A29C7B1870029768E /* LaunchScreen.storyboard */,
				379B057D29C7B1870029768E /* Info.plist */,
				379B058829C7B1CD0029768E /* ImageCell.swift */,
			);
			path = Snappy;
			sourceTree = "<group>";
		};
/* End PBXGroup section */

/* Begin PBXNativeTarget section */
		379B056B29C7B1850029768E /* Snappy */ = {
			isa = PBXNativeTarget;
			buildConfigurationList = 379B058029C7B1870029768E /* Build configuration list for PBXNativeTarget "Snappy" */;
			buildPhases = (
				379B056829C7B1850029768E /* Sources */,
				379B056929C7B1850029768E /* Frameworks */,
				379B056A29C7B1850029768E /* Resources */,
			);
			buildRules = (
			);
			dependencies = (
			);
			name = Snappy;
			packageProductDependencies = (
				379B058429C7B1B90029768E /* SnapKit */,
				379B058629C7B1B90029768E /* SnapKit-Dynamic */,
			);
			productName = Snappy;
			productReference = 379B056C29C7B1850029768E /* Snappy.app */;
			productType = "com.apple.product-type.application";
		};
/* End PBXNativeTarget section */

/* Begin PBXProject section */
		379B056429C7B1850029768E /* Project object */ = {
			isa = PBXProject;
			attributes = {
				BuildIndependentTargetsInParallel = 1;
				LastSwiftUpdateCheck = 1420;
				LastUpgradeCheck = 1420;
				TargetAttributes = {
					379B056B29C7B1850029768E = {
						CreatedOnToolsVersion = 14.2;
					};
				};
			};
			buildConfigurationList = 379B056729C7B1850029768E /* Build configuration list for PBXProject "Snappy" */;
			compatibilityVersion = "Xcode 14.0";
			developmentRegion = en;
			hasScannedForEncodings = 0;
			knownRegions = (
				en,
				Base,
			);
			mainGroup = 379B056329C7B1850029768E;
			packageReferences = (
				379B058329C7B1B90029768E /* XCRemoteSwiftPackageReference "SnapKit" */,
			);
			productRefGroup = 379B056D29C7B1850029768E /* Products */;
			projectDirPath = "";
			projectRoot = "";
			targets = (
				379B056B29C7B1850029768E /* Snappy */,
			);
		};
/* End PBXProject section */

/* Begin PBXResourcesBuildPhase section */
		379B056A29C7B1850029768E /* Resources */ = {
			isa = PBXResourcesBuildPhase;
			buildActionMask = 2147483647;
			files = (
				379B057C29C7B1870029768E /* LaunchScreen.storyboard in Resources */,
				379B057929C7B1870029768E /* Assets.xcassets in Resources */,
				379B057729C7B1850029768E /* Main.storyboard in Resources */,
			);
			runOnlyForDeploymentPostprocessing = 0;
		};
/* End PBXResourcesBuildPhase section */

/* Begin PBXSourcesBuildPhase section */
		379B056829C7B1850029768E /* Sources */ = {
			isa = PBXSourcesBuildPhase;
			buildActionMask = 2147483647;
			files = (
				379B057429C7B1850029768E /* ViewController.swift in Sources */,
				379B058929C7B1CD0029768E /* ImageCell.swift in Sources */,
				379B057029C7B1850029768E /* AppDelegate.swift in Sources */,
				379B057229C7B1850029768E /* SceneDelegate.swift in Sources */,
			);
			runOnlyForDeploymentPostprocessing = 0;
		};
/* End PBXSourcesBuildPhase section */

/* Begin PBXVariantGroup section */
		379B057529C7B1850029768E /* Main.storyboard */ = {
			isa = PBXVariantGroup;
			children = (
				379B057629C7B1850029768E /* Base */,
			);
			name = Main.storyboard;
			sourceTree = "<group>";
		};
		379B057A29C7B1870029768E /* LaunchScreen.storyboard */ = {
			isa = PBXVariantGroup;
			children = (
				379B057B29C7B1870029768E /* Base */,
			);
			name = LaunchScreen.storyboard;
			sourceTree = "<group>";
		};
/* End PBXVariantGroup section */

/* Begin XCBuildConfiguration section */
		379B057E29C7B1870029768E /* Debug */ = {
			isa = XCBuildConfiguration;
			buildSettings = {
				ALWAYS_SEARCH_USER_PATHS = NO;
				CLANG_ANALYZER_NONNULL = YES;
				CLANG_ANALYZER_NUMBER_OBJECT_CONVERSION = YES_AGGRESSIVE;
				CLANG_CXX_LANGUAGE_STANDARD = "gnu++20";
				CLANG_ENABLE_MODULES = YES;
				CLANG_ENABLE_OBJC_ARC = YES;
				CLANG_ENABLE_OBJC_WEAK = YES;
				CLANG_WARN_BLOCK_CAPTURE_AUTORELEASING = YES;
				CLANG_WARN_BOOL_CONVERSION = YES;
				CLANG_WARN_COMMA = YES;
				CLANG_WARN_CONSTANT_CONVERSION = YES;
				CLANG_WARN_DEPRECATED_OBJC_IMPLEMENTATIONS = YES;
				CLANG_WARN_DIRECT_OBJC_ISA_USAGE = YES_ERROR;
				CLANG_WARN_DOCUMENTATION_COMMENTS = YES;
				CLANG_WARN_EMPTY_BODY = YES;
				CLANG_WARN_ENUM_CONVERSION = YES;
				CLANG_WARN_INFINITE_RECURSION = YES;
				CLANG_WARN_INT_CONVERSION = YES;
				CLANG_WARN_NON_LITERAL_NULL_CONVERSION = YES;
				CLANG_WARN_OBJC_IMPLICIT_RETAIN_SELF = YES;
				CLANG_WARN_OBJC_LITERAL_CONVERSION = YES;
				CLANG_WARN_OBJC_ROOT_CLASS = YES_ERROR;
				CLANG_WARN_QUOTED_INCLUDE_IN_FRAMEWORK_HEADER = YES;
				CLANG_WARN_RANGE_LOOP_ANALYSIS = YES;
				CLANG_WARN_STRICT_PROTOTYPES = YES;
				CLANG_WARN_SUSPICIOUS_MOVE = YES;
				CLANG_WARN_UNGUARDED_AVAILABILITY = YES_AGGRESSIVE;
				CLANG_WARN_UNREACHABLE_CODE = YES;
				CLANG_WARN__DUPLICATE_METHOD_MATCH = YES;
				COPY_PHASE_STRIP = NO;
				DEBUG_INFORMATION_FORMAT = dwarf;
				ENABLE_STRICT_OBJC_MSGSEND = YES;
				ENABLE_TESTABILITY = YES;
				GCC_C_LANGUAGE_STANDARD = gnu11;
				GCC_DYNAMIC_NO_PIC = NO;
				GCC_NO_COMMON_BLOCKS = YES;
				GCC_OPTIMIZATION_LEVEL = 0;
				GCC_PREPROCESSOR_DEFINITIONS = (
					"DEBUG=1",
					"$(inherited)",
				);
				GCC_WARN_64_TO_32_BIT_CONVERSION = YES;
				GCC_WARN_ABOUT_RETURN_TYPE = YES_ERROR;
				GCC_WARN_UNDECLARED_SELECTOR = YES;
				GCC_WARN_UNINITIALIZED_AUTOS = YES_AGGRESSIVE;
				GCC_WARN_UNUSED_FUNCTION = YES;
				GCC_WARN_UNUSED_VARIABLE = YES;
				IPHONEOS_DEPLOYMENT_TARGET = 16.2;
				MTL_ENABLE_DEBUG_INFO = INCLUDE_SOURCE;
				MTL_FAST_MATH = YES;
				ONLY_ACTIVE_ARCH = YES;
				SDKROOT = iphoneos;
				SWIFT_ACTIVE_COMPILATION_CONDITIONS = DEBUG;
				SWIFT_OPTIMIZATION_LEVEL = "-Onone";
			};
			name = Debug;
		};
		379B057F29C7B1870029768E /* Release */ = {
			isa = XCBuildConfiguration;
			buildSettings = {
				ALWAYS_SEARCH_USER_PATHS = NO;
				CLANG_ANALYZER_NONNULL = YES;
				CLANG_ANALYZER_NUMBER_OBJECT_CONVERSION = YES_AGGRESSIVE;
				CLANG_CXX_LANGUAGE_STANDARD = "gnu++20";
				CLANG_ENABLE_MODULES = YES;
				CLANG_ENABLE_OBJC_ARC = YES;
				CLANG_ENABLE_OBJC_WEAK = YES;
				CLANG_WARN_BLOCK_CAPTURE_AUTORELEASING = YES;
				CLANG_WARN_BOOL_CONVERSION = YES;
				CLANG_WARN_COMMA = YES;
				CLANG_WARN_CONSTANT_CONVERSION = YES;
				CLANG_WARN_DEPRECATED_OBJC_IMPLEMENTATIONS = YES;
				CLANG_WARN_DIRECT_OBJC_ISA_USAGE = YES_ERROR;
				CLANG_WARN_DOCUMENTATION_COMMENTS = YES;
				CLANG_WARN_EMPTY_BODY = YES;
				CLANG_WARN_ENUM_CONVERSION = YES;
				CLANG_WARN_INFINITE_RECURSION = YES;
				CLANG_WARN_INT_CONVERSION = YES;
				CLANG_WARN_NON_LITERAL_NULL_CONVERSION = YES;
				CLANG_WARN_OBJC_IMPLICIT_RETAIN_SELF = YES;
				CLANG_WARN_OBJC_LITERAL_CONVERSION = YES;
				CLANG_WARN_OBJC_ROOT_CLASS = YES_ERROR;
				CLANG_WARN_QUOTED_INCLUDE_IN_FRAMEWORK_HEADER = YES;
				CLANG_WARN_RANGE_LOOP_ANALYSIS = YES;
				CLANG_WARN_STRICT_PROTOTYPES = YES;
				CLANG_WARN_SUSPICIOUS_MOVE = YES;
				CLANG_WARN_UNGUARDED_AVAILABILITY = YES_AGGRESSIVE;
				CLANG_WARN_UNREACHABLE_CODE = YES;
				CLANG_WARN__DUPLICATE_METHOD_MATCH = YES;
				COPY_PHASE_STRIP = NO;
				DEBUG_INFORMATION_FORMAT = "dwarf-with-dsym";
				ENABLE_NS_ASSERTIONS = NO;
				ENABLE_STRICT_OBJC_MSGSEND = YES;
				GCC_C_LANGUAGE_STANDARD = gnu11;
				GCC_NO_COMMON_BLOCKS = YES;
				GCC_WARN_64_TO_32_BIT_CONVERSION = YES;
				GCC_WARN_ABOUT_RETURN_TYPE = YES_ERROR;
				GCC_WARN_UNDECLARED_SELECTOR = YES;
				GCC_WARN_UNINITIALIZED_AUTOS = YES_AGGRESSIVE;
				GCC_WARN_UNUSED_FUNCTION = YES;
				GCC_WARN_UNUSED_VARIABLE = YES;
				IPHONEOS_DEPLOYMENT_TARGET = 16.2;
				MTL_ENABLE_DEBUG_INFO = NO;
				MTL_FAST_MATH = YES;
				SDKROOT = iphoneos;
				SWIFT_COMPILATION_MODE = wholemodule;
				SWIFT_OPTIMIZATION_LEVEL = "-O";
				VALIDATE_PRODUCT = YES;
			};
			name = Release;
		};
		379B058129C7B1870029768E /* Debug */ = {
			isa = XCBuildConfiguration;
			buildSettings = {
				ASSETCATALOG_COMPILER_APPICON_NAME = AppIcon;
				ASSETCATALOG_COMPILER_GLOBAL_ACCENT_COLOR_NAME = AccentColor;
				CODE_SIGN_STYLE = Automatic;
				CURRENT_PROJECT_VERSION = 1;
				DEVELOPMENT_TEAM = UM6H87Z62Q;
				GENERATE_INFOPLIST_FILE = YES;
				INFOPLIST_FILE = Snappy/Info.plist;
				INFOPLIST_KEY_UIApplicationSupportsIndirectInputEvents = YES;
				INFOPLIST_KEY_UILaunchStoryboardName = LaunchScreen;
				INFOPLIST_KEY_UIMainStoryboardFile = Main;
				INFOPLIST_KEY_UISupportedInterfaceOrientations = "UIInterfaceOrientationLandscapeLeft UIInterfaceOrientationLandscapeRight UIInterfaceOrientationPortrait";
				INFOPLIST_KEY_UISupportedInterfaceOrientations_iPad = UIInterfaceOrientationPortrait;
				LD_RUNPATH_SEARCH_PATHS = (
					"$(inherited)",
					"@executable_path/Frameworks",
				);
				MARKETING_VERSION = 1.0;
				PRODUCT_BUNDLE_IDENTIFIER = Daniyal4Real.Snappy;
				PRODUCT_NAME = "$(TARGET_NAME)";
				SUPPORTED_PLATFORMS = "iphoneos iphonesimulator";
				SUPPORTS_MACCATALYST = NO;
				SUPPORTS_MAC_DESIGNED_FOR_IPHONE_IPAD = YES;
				SWIFT_EMIT_LOC_STRINGS = YES;
				SWIFT_VERSION = 5.0;
				TARGETED_DEVICE_FAMILY = 1;
			};
			name = Debug;
		};
		379B058229C7B1870029768E /* Release */ = {
			isa = XCBuildConfiguration;
			buildSettings = {
				ASSETCATALOG_COMPILER_APPICON_NAME = AppIcon;
				ASSETCATALOG_COMPILER_GLOBAL_ACCENT_COLOR_NAME = AccentColor;
				CODE_SIGN_STYLE = Automatic;
				CURRENT_PROJECT_VERSION = 1;
				DEVELOPMENT_TEAM = UM6H87Z62Q;
				GENERATE_INFOPLIST_FILE = YES;
				INFOPLIST_FILE = Snappy/Info.plist;
				INFOPLIST_KEY_UIApplicationSupportsIndirectInputEvents = YES;
				INFOPLIST_KEY_UILaunchStoryboardName = LaunchScreen;
				INFOPLIST_KEY_UIMainStoryboardFile = Main;
				INFOPLIST_KEY_UISupportedInterfaceOrientations = "UIInterfaceOrientationLandscapeLeft UIInterfaceOrientationLandscapeRight UIInterfaceOrientationPortrait";
				INFOPLIST_KEY_UISupportedInterfaceOrientations_iPad = UIInterfaceOrientationPortrait;
				LD_RUNPATH_SEARCH_PATHS = (
					"$(inherited)",
					"@executable_path/Frameworks",
				);
				MARKETING_VERSION = 1.0;
				PRODUCT_BUNDLE_IDENTIFIER = Daniyal4Real.Snappy;
				PRODUCT_NAME = "$(TARGET_NAME)";
				SUPPORTED_PLATFORMS = "iphoneos iphonesimulator";
				SUPPORTS_MACCATALYST = NO;
				SUPPORTS_MAC_DESIGNED_FOR_IPHONE_IPAD = YES;
				SWIFT_EMIT_LOC_STRINGS = YES;
				SWIFT_VERSION = 5.0;
				TARGETED_DEVICE_FAMILY = 1;
			};
			name = Release;
		};
/* End XCBuildConfiguration section */

/* Begin XCConfigurationList section */
		379B056729C7B1850029768E /* Build configuration list for PBXProject "Snappy" */ = {
			isa = XCConfigurationList;
			buildConfigurations = (
				379B057E29C7B1870029768E /* Debug */,
				379B057F29C7B1870029768E /* Release */,
			);
			defaultConfigurationIsVisible = 0;
			defaultConfigurationName = Release;
		};
		379B058029C7B1870029768E /* Build configuration list for PBXNativeTarget "Snappy" */ = {
			isa = XCConfigurationList;
			buildConfigurations = (
				379B058129C7B1870029768E /* Debug */,
				379B058229C7B1870029768E /* Release */,
			);
			defaultConfigurationIsVisible = 0;
			defaultConfigurationName = Release;
		};
/* End XCConfigurationList section */

/* Begin XCRemoteSwiftPackageReference section */
		379B058329C7B1B90029768E /* XCRemoteSwiftPackageReference "SnapKit" */ = {
			isa = XCRemoteSwiftPackageReference;
			repositoryURL = "https://github.com/SnapKit/SnapKit";
			requirement = {
				kind = upToNextMajorVersion;
				minimumVersion = 5.0.0;
			};
		};
/* End XCRemoteSwiftPackageReference section */

/* Begin XCSwiftPackageProductDependency section */
		379B058429C7B1B90029768E /* SnapKit */ = {
			isa = XCSwiftPackageProductDependency;
			package = 379B058329C7B1B90029768E /* XCRemoteSwiftPackageReference "SnapKit" */;
			productName = SnapKit;
		};
		379B058629C7B1B90029768E /* SnapKit-Dynamic */ = {
			isa = XCSwiftPackageProductDependency;
			package = 379B058329C7B1B90029768E /* XCRemoteSwiftPackageReference "SnapKit" */;
			productName = "SnapKit-Dynamic";
		};
/* End XCSwiftPackageProductDependency section */
	};
	rootObject = 379B056429C7B1850029768E /* Project object */;
}
