// !$*UTF8*$!
{
	archiveVersion = 1;
	classes = {
	};
	objectVersion = 56;
	objects = {

/* Begin PBXBuildFile section */
		37574B0E29D4521B000F54C4 /* UpdateViewController.swift in Sources */ = {isa = PBXBuildFile; fileRef = 37574B0D29D4521B000F54C4 /* UpdateViewController.swift */; };
		376D2C2929D1995700F35BEE /* AppDelegate.swift in Sources */ = {isa = PBXBuildFile; fileRef = 376D2C2829D1995700F35BEE /* AppDelegate.swift */; };
		376D2C2B29D1995700F35BEE /* SceneDelegate.swift in Sources */ = {isa = PBXBuildFile; fileRef = 376D2C2A29D1995700F35BEE /* SceneDelegate.swift */; };
		376D2C2D29D1995700F35BEE /* ViewController.swift in Sources */ = {isa = PBXBuildFile; fileRef = 376D2C2C29D1995700F35BEE /* ViewController.swift */; };
		376D2C3029D1995700F35BEE /* Main.storyboard in Resources */ = {isa = PBXBuildFile; fileRef = 376D2C2E29D1995700F35BEE /* Main.storyboard */; };
		376D2C3229D1995A00F35BEE /* Assets.xcassets in Resources */ = {isa = PBXBuildFile; fileRef = 376D2C3129D1995A00F35BEE /* Assets.xcassets */; };
		376D2C3529D1995A00F35BEE /* LaunchScreen.storyboard in Resources */ = {isa = PBXBuildFile; fileRef = 376D2C3329D1995A00F35BEE /* LaunchScreen.storyboard */; };
		376D2C3D29D199FF00F35BEE /* DBManager.swift in Sources */ = {isa = PBXBuildFile; fileRef = 376D2C3C29D199FF00F35BEE /* DBManager.swift */; };
		376D2C4029D19A3600F35BEE /* SQLite in Frameworks */ = {isa = PBXBuildFile; productRef = 376D2C3F29D19A3600F35BEE /* SQLite */; };
		376D2C4229D1A43900F35BEE /* ContactViewController.swift in Sources */ = {isa = PBXBuildFile; fileRef = 376D2C4129D1A43900F35BEE /* ContactViewController.swift */; };
		376D2C4429D1A8FD00F35BEE /* Person.swift in Sources */ = {isa = PBXBuildFile; fileRef = 376D2C4329D1A8FD00F35BEE /* Person.swift */; };
		376D2C4729D1AA8600F35BEE /* ContactCell.swift in Sources */ = {isa = PBXBuildFile; fileRef = 376D2C4529D1AA8600F35BEE /* ContactCell.swift */; };
		376D2C4829D1AA8600F35BEE /* ContactCell.xib in Resources */ = {isa = PBXBuildFile; fileRef = 376D2C4629D1AA8600F35BEE /* ContactCell.xib */; };
/* End PBXBuildFile section */

/* Begin PBXFileReference section */
		37574B0D29D4521B000F54C4 /* UpdateViewController.swift */ = {isa = PBXFileReference; lastKnownFileType = sourcecode.swift; path = UpdateViewController.swift; sourceTree = "<group>"; };
		376D2C2529D1995700F35BEE /* sql_practice.app */ = {isa = PBXFileReference; explicitFileType = wrapper.application; includeInIndex = 0; path = sql_practice.app; sourceTree = BUILT_PRODUCTS_DIR; };
		376D2C2829D1995700F35BEE /* AppDelegate.swift */ = {isa = PBXFileReference; lastKnownFileType = sourcecode.swift; path = AppDelegate.swift; sourceTree = "<group>"; };
		376D2C2A29D1995700F35BEE /* SceneDelegate.swift */ = {isa = PBXFileReference; lastKnownFileType = sourcecode.swift; path = SceneDelegate.swift; sourceTree = "<group>"; };
		376D2C2C29D1995700F35BEE /* ViewController.swift */ = {isa = PBXFileReference; lastKnownFileType = sourcecode.swift; path = ViewController.swift; sourceTree = "<group>"; };
		376D2C2F29D1995700F35BEE /* Base */ = {isa = PBXFileReference; lastKnownFileType = file.storyboard; name = Base; path = Base.lproj/Main.storyboard; sourceTree = "<group>"; };
		376D2C3129D1995A00F35BEE /* Assets.xcassets */ = {isa = PBXFileReference; lastKnownFileType = folder.assetcatalog; path = Assets.xcassets; sourceTree = "<group>"; };
		376D2C3429D1995A00F35BEE /* Base */ = {isa = PBXFileReference; lastKnownFileType = file.storyboard; name = Base; path = Base.lproj/LaunchScreen.storyboard; sourceTree = "<group>"; };
		376D2C3629D1995A00F35BEE /* Info.plist */ = {isa = PBXFileReference; lastKnownFileType = text.plist.xml; path = Info.plist; sourceTree = "<group>"; };
		376D2C3C29D199FF00F35BEE /* DBManager.swift */ = {isa = PBXFileReference; lastKnownFileType = sourcecode.swift; path = DBManager.swift; sourceTree = "<group>"; };
		376D2C4129D1A43900F35BEE /* ContactViewController.swift */ = {isa = PBXFileReference; lastKnownFileType = sourcecode.swift; path = ContactViewController.swift; sourceTree = "<group>"; };
		376D2C4329D1A8FD00F35BEE /* Person.swift */ = {isa = PBXFileReference; lastKnownFileType = sourcecode.swift; path = Person.swift; sourceTree = "<group>"; };
		376D2C4529D1AA8600F35BEE /* ContactCell.swift */ = {isa = PBXFileReference; lastKnownFileType = sourcecode.swift; path = ContactCell.swift; sourceTree = "<group>"; };
		376D2C4629D1AA8600F35BEE /* ContactCell.xib */ = {isa = PBXFileReference; lastKnownFileType = file.xib; path = ContactCell.xib; sourceTree = "<group>"; };
/* End PBXFileReference section */

/* Begin PBXFrameworksBuildPhase section */
		376D2C2229D1995700F35BEE /* Frameworks */ = {
			isa = PBXFrameworksBuildPhase;
			buildActionMask = 2147483647;
			files = (
				376D2C4029D19A3600F35BEE /* SQLite in Frameworks */,
			);
			runOnlyForDeploymentPostprocessing = 0;
		};
/* End PBXFrameworksBuildPhase section */

/* Begin PBXGroup section */
		376D2C1C29D1995700F35BEE = {
			isa = PBXGroup;
			children = (
				376D2C2729D1995700F35BEE /* sql_practice */,
				376D2C2629D1995700F35BEE /* Products */,
			);
			sourceTree = "<group>";
		};
		376D2C2629D1995700F35BEE /* Products */ = {
			isa = PBXGroup;
			children = (
				376D2C2529D1995700F35BEE /* sql_practice.app */,
			);
			name = Products;
			sourceTree = "<group>";
		};
		376D2C2729D1995700F35BEE /* sql_practice */ = {
			isa = PBXGroup;
			children = (
				376D2C2829D1995700F35BEE /* AppDelegate.swift */,
				376D2C2A29D1995700F35BEE /* SceneDelegate.swift */,
				376D2C2C29D1995700F35BEE /* ViewController.swift */,
				376D2C2E29D1995700F35BEE /* Main.storyboard */,
				376D2C3129D1995A00F35BEE /* Assets.xcassets */,
				376D2C3329D1995A00F35BEE /* LaunchScreen.storyboard */,
				376D2C3629D1995A00F35BEE /* Info.plist */,
				376D2C3C29D199FF00F35BEE /* DBManager.swift */,
				376D2C4129D1A43900F35BEE /* ContactViewController.swift */,
				376D2C4329D1A8FD00F35BEE /* Person.swift */,
				376D2C4529D1AA8600F35BEE /* ContactCell.swift */,
				376D2C4629D1AA8600F35BEE /* ContactCell.xib */,
				37574B0D29D4521B000F54C4 /* UpdateViewController.swift */,
			);
			path = sql_practice;
			sourceTree = "<group>";
		};
/* End PBXGroup section */

/* Begin PBXNativeTarget section */
		376D2C2429D1995700F35BEE /* sql_practice */ = {
			isa = PBXNativeTarget;
			buildConfigurationList = 376D2C3929D1995A00F35BEE /* Build configuration list for PBXNativeTarget "sql_practice" */;
			buildPhases = (
				376D2C2129D1995700F35BEE /* Sources */,
				376D2C2229D1995700F35BEE /* Frameworks */,
				376D2C2329D1995700F35BEE /* Resources */,
			);
			buildRules = (
			);
			dependencies = (
			);
			name = sql_practice;
			packageProductDependencies = (
				376D2C3F29D19A3600F35BEE /* SQLite */,
			);
			productName = sql_practice;
			productReference = 376D2C2529D1995700F35BEE /* sql_practice.app */;
			productType = "com.apple.product-type.application";
		};
/* End PBXNativeTarget section */

/* Begin PBXProject section */
		376D2C1D29D1995700F35BEE /* Project object */ = {
			isa = PBXProject;
			attributes = {
				BuildIndependentTargetsInParallel = 1;
				LastSwiftUpdateCheck = 1420;
				LastUpgradeCheck = 1420;
				TargetAttributes = {
					376D2C2429D1995700F35BEE = {
						CreatedOnToolsVersion = 14.2;
					};
				};
			};
			buildConfigurationList = 376D2C2029D1995700F35BEE /* Build configuration list for PBXProject "sql_practice" */;
			compatibilityVersion = "Xcode 14.0";
			developmentRegion = en;
			hasScannedForEncodings = 0;
			knownRegions = (
				en,
				Base,
			);
			mainGroup = 376D2C1C29D1995700F35BEE;
			packageReferences = (
				376D2C3E29D19A3600F35BEE /* XCRemoteSwiftPackageReference "SQLite.swift" */,
			);
			productRefGroup = 376D2C2629D1995700F35BEE /* Products */;
			projectDirPath = "";
			projectRoot = "";
			targets = (
				376D2C2429D1995700F35BEE /* sql_practice */,
			);
		};
/* End PBXProject section */

/* Begin PBXResourcesBuildPhase section */
		376D2C2329D1995700F35BEE /* Resources */ = {
			isa = PBXResourcesBuildPhase;
			buildActionMask = 2147483647;
			files = (
				376D2C4829D1AA8600F35BEE /* ContactCell.xib in Resources */,
				376D2C3529D1995A00F35BEE /* LaunchScreen.storyboard in Resources */,
				376D2C3229D1995A00F35BEE /* Assets.xcassets in Resources */,
				376D2C3029D1995700F35BEE /* Main.storyboard in Resources */,
			);
			runOnlyForDeploymentPostprocessing = 0;
		};
/* End PBXResourcesBuildPhase section */

/* Begin PBXSourcesBuildPhase section */
		376D2C2129D1995700F35BEE /* Sources */ = {
			isa = PBXSourcesBuildPhase;
			buildActionMask = 2147483647;
			files = (
				376D2C4429D1A8FD00F35BEE /* Person.swift in Sources */,
				376D2C2D29D1995700F35BEE /* ViewController.swift in Sources */,
				376D2C2929D1995700F35BEE /* AppDelegate.swift in Sources */,
				376D2C2B29D1995700F35BEE /* SceneDelegate.swift in Sources */,
				376D2C3D29D199FF00F35BEE /* DBManager.swift in Sources */,
				376D2C4729D1AA8600F35BEE /* ContactCell.swift in Sources */,
				376D2C4229D1A43900F35BEE /* ContactViewController.swift in Sources */,
				37574B0E29D4521B000F54C4 /* UpdateViewController.swift in Sources */,
			);
			runOnlyForDeploymentPostprocessing = 0;
		};
/* End PBXSourcesBuildPhase section */

/* Begin PBXVariantGroup section */
		376D2C2E29D1995700F35BEE /* Main.storyboard */ = {
			isa = PBXVariantGroup;
			children = (
				376D2C2F29D1995700F35BEE /* Base */,
			);
			name = Main.storyboard;
			sourceTree = "<group>";
		};
		376D2C3329D1995A00F35BEE /* LaunchScreen.storyboard */ = {
			isa = PBXVariantGroup;
			children = (
				376D2C3429D1995A00F35BEE /* Base */,
			);
			name = LaunchScreen.storyboard;
			sourceTree = "<group>";
		};
/* End PBXVariantGroup section */

/* Begin XCBuildConfiguration section */
		376D2C3729D1995A00F35BEE /* Debug */ = {
			isa = XCBuildConfiguration;
			buildSettings = {
				ALWAYS_SEARCH_USER_PATHS = NO;
				CLANG_ANALYZER_NONNULL = YES;
				CLANG_ANALYZER_NUMBER_OBJECT_CONVERSION = YES_AGGRESSIVE;
				CLANG_CXX_LANGUAGE_STANDARD = "gnu++20";
				CLANG_ENABLE_MODULES = YES;
				CLANG_ENABLE_OBJC_ARC = YES;
				CLANG_ENABLE_OBJC_WEAK = YES;
				CLANG_WARN_BLOCK_CAPTURE_AUTORELEASING = YES;
				CLANG_WARN_BOOL_CONVERSION = YES;
				CLANG_WARN_COMMA = YES;
				CLANG_WARN_CONSTANT_CONVERSION = YES;
				CLANG_WARN_DEPRECATED_OBJC_IMPLEMENTATIONS = YES;
				CLANG_WARN_DIRECT_OBJC_ISA_USAGE = YES_ERROR;
				CLANG_WARN_DOCUMENTATION_COMMENTS = YES;
				CLANG_WARN_EMPTY_BODY = YES;
				CLANG_WARN_ENUM_CONVERSION = YES;
				CLANG_WARN_INFINITE_RECURSION = YES;
				CLANG_WARN_INT_CONVERSION = YES;
				CLANG_WARN_NON_LITERAL_NULL_CONVERSION = YES;
				CLANG_WARN_OBJC_IMPLICIT_RETAIN_SELF = YES;
				CLANG_WARN_OBJC_LITERAL_CONVERSION = YES;
				CLANG_WARN_OBJC_ROOT_CLASS = YES_ERROR;
				CLANG_WARN_QUOTED_INCLUDE_IN_FRAMEWORK_HEADER = YES;
				CLANG_WARN_RANGE_LOOP_ANALYSIS = YES;
				CLANG_WARN_STRICT_PROTOTYPES = YES;
				CLANG_WARN_SUSPICIOUS_MOVE = YES;
				CLANG_WARN_UNGUARDED_AVAILABILITY = YES_AGGRESSIVE;
				CLANG_WARN_UNREACHABLE_CODE = YES;
				CLANG_WARN__DUPLICATE_METHOD_MATCH = YES;
				COPY_PHASE_STRIP = NO;
				DEBUG_INFORMATION_FORMAT = dwarf;
				ENABLE_STRICT_OBJC_MSGSEND = YES;
				ENABLE_TESTABILITY = YES;
				GCC_C_LANGUAGE_STANDARD = gnu11;
				GCC_DYNAMIC_NO_PIC = NO;
				GCC_NO_COMMON_BLOCKS = YES;
				GCC_OPTIMIZATION_LEVEL = 0;
				GCC_PREPROCESSOR_DEFINITIONS = (
					"DEBUG=1",
					"$(inherited)",
				);
				GCC_WARN_64_TO_32_BIT_CONVERSION = YES;
				GCC_WARN_ABOUT_RETURN_TYPE = YES_ERROR;
				GCC_WARN_UNDECLARED_SELECTOR = YES;
				GCC_WARN_UNINITIALIZED_AUTOS = YES_AGGRESSIVE;
				GCC_WARN_UNUSED_FUNCTION = YES;
				GCC_WARN_UNUSED_VARIABLE = YES;
				IPHONEOS_DEPLOYMENT_TARGET = 16.2;
				MTL_ENABLE_DEBUG_INFO = INCLUDE_SOURCE;
				MTL_FAST_MATH = YES;
				ONLY_ACTIVE_ARCH = YES;
				SDKROOT = iphoneos;
				SWIFT_ACTIVE_COMPILATION_CONDITIONS = DEBUG;
				SWIFT_OPTIMIZATION_LEVEL = "-Onone";
			};
			name = Debug;
		};
		376D2C3829D1995A00F35BEE /* Release */ = {
			isa = XCBuildConfiguration;
			buildSettings = {
				ALWAYS_SEARCH_USER_PATHS = NO;
				CLANG_ANALYZER_NONNULL = YES;
				CLANG_ANALYZER_NUMBER_OBJECT_CONVERSION = YES_AGGRESSIVE;
				CLANG_CXX_LANGUAGE_STANDARD = "gnu++20";
				CLANG_ENABLE_MODULES = YES;
				CLANG_ENABLE_OBJC_ARC = YES;
				CLANG_ENABLE_OBJC_WEAK = YES;
				CLANG_WARN_BLOCK_CAPTURE_AUTORELEASING = YES;
				CLANG_WARN_BOOL_CONVERSION = YES;
				CLANG_WARN_COMMA = YES;
				CLANG_WARN_CONSTANT_CONVERSION = YES;
				CLANG_WARN_DEPRECATED_OBJC_IMPLEMENTATIONS = YES;
				CLANG_WARN_DIRECT_OBJC_ISA_USAGE = YES_ERROR;
				CLANG_WARN_DOCUMENTATION_COMMENTS = YES;
				CLANG_WARN_EMPTY_BODY = YES;
				CLANG_WARN_ENUM_CONVERSION = YES;
				CLANG_WARN_INFINITE_RECURSION = YES;
				CLANG_WARN_INT_CONVERSION = YES;
				CLANG_WARN_NON_LITERAL_NULL_CONVERSION = YES;
				CLANG_WARN_OBJC_IMPLICIT_RETAIN_SELF = YES;
				CLANG_WARN_OBJC_LITERAL_CONVERSION = YES;
				CLANG_WARN_OBJC_ROOT_CLASS = YES_ERROR;
				CLANG_WARN_QUOTED_INCLUDE_IN_FRAMEWORK_HEADER = YES;
				CLANG_WARN_RANGE_LOOP_ANALYSIS = YES;
				CLANG_WARN_STRICT_PROTOTYPES = YES;
				CLANG_WARN_SUSPICIOUS_MOVE = YES;
				CLANG_WARN_UNGUARDED_AVAILABILITY = YES_AGGRESSIVE;
				CLANG_WARN_UNREACHABLE_CODE = YES;
				CLANG_WARN__DUPLICATE_METHOD_MATCH = YES;
				COPY_PHASE_STRIP = NO;
				DEBUG_INFORMATION_FORMAT = "dwarf-with-dsym";
				ENABLE_NS_ASSERTIONS = NO;
				ENABLE_STRICT_OBJC_MSGSEND = YES;
				GCC_C_LANGUAGE_STANDARD = gnu11;
				GCC_NO_COMMON_BLOCKS = YES;
				GCC_WARN_64_TO_32_BIT_CONVERSION = YES;
				GCC_WARN_ABOUT_RETURN_TYPE = YES_ERROR;
				GCC_WARN_UNDECLARED_SELECTOR = YES;
				GCC_WARN_UNINITIALIZED_AUTOS = YES_AGGRESSIVE;
				GCC_WARN_UNUSED_FUNCTION = YES;
				GCC_WARN_UNUSED_VARIABLE = YES;
				IPHONEOS_DEPLOYMENT_TARGET = 16.2;
				MTL_ENABLE_DEBUG_INFO = NO;
				MTL_FAST_MATH = YES;
				SDKROOT = iphoneos;
				SWIFT_COMPILATION_MODE = wholemodule;
				SWIFT_OPTIMIZATION_LEVEL = "-O";
				VALIDATE_PRODUCT = YES;
			};
			name = Release;
		};
		376D2C3A29D1995A00F35BEE /* Debug */ = {
			isa = XCBuildConfiguration;
			buildSettings = {
				ASSETCATALOG_COMPILER_APPICON_NAME = AppIcon;
				ASSETCATALOG_COMPILER_GLOBAL_ACCENT_COLOR_NAME = AccentColor;
				CODE_SIGN_STYLE = Automatic;
				CURRENT_PROJECT_VERSION = 1;
				DEVELOPMENT_TEAM = UM6H87Z62Q;
				GENERATE_INFOPLIST_FILE = YES;
				INFOPLIST_FILE = sql_practice/Info.plist;
				INFOPLIST_KEY_UIApplicationSupportsIndirectInputEvents = YES;
				INFOPLIST_KEY_UILaunchStoryboardName = LaunchScreen;
				INFOPLIST_KEY_UIMainStoryboardFile = Main;
				INFOPLIST_KEY_UISupportedInterfaceOrientations = UIInterfaceOrientationPortrait;
				INFOPLIST_KEY_UISupportedInterfaceOrientations_iPad = "UIInterfaceOrientationLandscapeLeft UIInterfaceOrientationLandscapeRight UIInterfaceOrientationPortrait UIInterfaceOrientationPortraitUpsideDown";
				IPHONEOS_DEPLOYMENT_TARGET = 16.0;
				LD_RUNPATH_SEARCH_PATHS = (
					"$(inherited)",
					"@executable_path/Frameworks",
				);
				MARKETING_VERSION = 1.0;
				PRODUCT_BUNDLE_IDENTIFIER = "Daniyal4Real.sql-practice";
				PRODUCT_NAME = "$(TARGET_NAME)";
				SWIFT_EMIT_LOC_STRINGS = YES;
				SWIFT_VERSION = 5.0;
				TARGETED_DEVICE_FAMILY = "1,2";
			};
			name = Debug;
		};
		376D2C3B29D1995A00F35BEE /* Release */ = {
			isa = XCBuildConfiguration;
			buildSettings = {
				ASSETCATALOG_COMPILER_APPICON_NAME = AppIcon;
				ASSETCATALOG_COMPILER_GLOBAL_ACCENT_COLOR_NAME = AccentColor;
				CODE_SIGN_STYLE = Automatic;
				CURRENT_PROJECT_VERSION = 1;
				DEVELOPMENT_TEAM = UM6H87Z62Q;
				GENERATE_INFOPLIST_FILE = YES;
				INFOPLIST_FILE = sql_practice/Info.plist;
				INFOPLIST_KEY_UIApplicationSupportsIndirectInputEvents = YES;
				INFOPLIST_KEY_UILaunchStoryboardName = LaunchScreen;
				INFOPLIST_KEY_UIMainStoryboardFile = Main;
				INFOPLIST_KEY_UISupportedInterfaceOrientations = UIInterfaceOrientationPortrait;
				INFOPLIST_KEY_UISupportedInterfaceOrientations_iPad = "UIInterfaceOrientationLandscapeLeft UIInterfaceOrientationLandscapeRight UIInterfaceOrientationPortrait UIInterfaceOrientationPortraitUpsideDown";
				IPHONEOS_DEPLOYMENT_TARGET = 16.0;
				LD_RUNPATH_SEARCH_PATHS = (
					"$(inherited)",
					"@executable_path/Frameworks",
				);
				MARKETING_VERSION = 1.0;
				PRODUCT_BUNDLE_IDENTIFIER = "Daniyal4Real.sql-practice";
				PRODUCT_NAME = "$(TARGET_NAME)";
				SWIFT_EMIT_LOC_STRINGS = YES;
				SWIFT_VERSION = 5.0;
				TARGETED_DEVICE_FAMILY = "1,2";
			};
			name = Release;
		};
/* End XCBuildConfiguration section */

/* Begin XCConfigurationList section */
		376D2C2029D1995700F35BEE /* Build configuration list for PBXProject "sql_practice" */ = {
			isa = XCConfigurationList;
			buildConfigurations = (
				376D2C3729D1995A00F35BEE /* Debug */,
				376D2C3829D1995A00F35BEE /* Release */,
			);
			defaultConfigurationIsVisible = 0;
			defaultConfigurationName = Release;
		};
		376D2C3929D1995A00F35BEE /* Build configuration list for PBXNativeTarget "sql_practice" */ = {
			isa = XCConfigurationList;
			buildConfigurations = (
				376D2C3A29D1995A00F35BEE /* Debug */,
				376D2C3B29D1995A00F35BEE /* Release */,
			);
			defaultConfigurationIsVisible = 0;
			defaultConfigurationName = Release;
		};
/* End XCConfigurationList section */

/* Begin XCRemoteSwiftPackageReference section */
		376D2C3E29D19A3600F35BEE /* XCRemoteSwiftPackageReference "SQLite.swift" */ = {
			isa = XCRemoteSwiftPackageReference;
			repositoryURL = "https://github.com/stephencelis/SQLite.swift.git";
			requirement = {
				kind = upToNextMajorVersion;
				minimumVersion = 0.9.2;
			};
		};
/* End XCRemoteSwiftPackageReference section */

/* Begin XCSwiftPackageProductDependency section */
		376D2C3F29D19A3600F35BEE /* SQLite */ = {
			isa = XCSwiftPackageProductDependency;
			package = 376D2C3E29D19A3600F35BEE /* XCRemoteSwiftPackageReference "SQLite.swift" */;
			productName = SQLite;
		};
/* End XCSwiftPackageProductDependency section */
	};
	rootObject = 376D2C1D29D1995700F35BEE /* Project object */;
}
