// !$*UTF8*$!
{
	archiveVersion = 1;
	classes = {
	};
	objectVersion = 55;
	objects = {

/* Begin PBXBuildFile section */
		373D253629C7B5D2004D2247 /* AppDelegate.swift in Sources */ = {isa = PBXBuildFile; fileRef = 373D253529C7B5D2004D2247 /* AppDelegate.swift */; };
		373D253829C7B5D2004D2247 /* SceneDelegate.swift in Sources */ = {isa = PBXBuildFile; fileRef = 373D253729C7B5D2004D2247 /* SceneDelegate.swift */; };
		373D253A29C7B5D2004D2247 /* ViewController.swift in Sources */ = {isa = PBXBuildFile; fileRef = 373D253929C7B5D2004D2247 /* ViewController.swift */; };
		373D253D29C7B5D2004D2247 /* Main.storyboard in Resources */ = {isa = PBXBuildFile; fileRef = 373D253B29C7B5D2004D2247 /* Main.storyboard */; };
		373D253F29C7B5D4004D2247 /* Assets.xcassets in Resources */ = {isa = PBXBuildFile; fileRef = 373D253E29C7B5D4004D2247 /* Assets.xcassets */; };
		373D254229C7B5D4004D2247 /* LaunchScreen.storyboard in Resources */ = {isa = PBXBuildFile; fileRef = 373D254029C7B5D4004D2247 /* LaunchScreen.storyboard */; };
		373D254B29C7B63E004D2247 /* SnapKit in Frameworks */ = {isa = PBXBuildFile; productRef = 373D254A29C7B63E004D2247 /* SnapKit */; };
		373D254F29C7B6E0004D2247 /* ImageCell.swift in Sources */ = {isa = PBXBuildFile; fileRef = 373D254E29C7B6E0004D2247 /* ImageCell.swift */; };
/* End PBXBuildFile section */

/* Begin PBXFileReference section */
		373D253229C7B5D2004D2247 /* SnapApp.app */ = {isa = PBXFileReference; explicitFileType = wrapper.application; includeInIndex = 0; path = SnapApp.app; sourceTree = BUILT_PRODUCTS_DIR; };
		373D253529C7B5D2004D2247 /* AppDelegate.swift */ = {isa = PBXFileReference; lastKnownFileType = sourcecode.swift; path = AppDelegate.swift; sourceTree = "<group>"; };
		373D253729C7B5D2004D2247 /* SceneDelegate.swift */ = {isa = PBXFileReference; lastKnownFileType = sourcecode.swift; path = SceneDelegate.swift; sourceTree = "<group>"; };
		373D253929C7B5D2004D2247 /* ViewController.swift */ = {isa = PBXFileReference; lastKnownFileType = sourcecode.swift; path = ViewController.swift; sourceTree = "<group>"; };
		373D253C29C7B5D2004D2247 /* Base */ = {isa = PBXFileReference; lastKnownFileType = file.storyboard; name = Base; path = Base.lproj/Main.storyboard; sourceTree = "<group>"; };
		373D253E29C7B5D4004D2247 /* Assets.xcassets */ = {isa = PBXFileReference; lastKnownFileType = folder.assetcatalog; path = Assets.xcassets; sourceTree = "<group>"; };
		373D254129C7B5D4004D2247 /* Base */ = {isa = PBXFileReference; lastKnownFileType = file.storyboard; name = Base; path = Base.lproj/LaunchScreen.storyboard; sourceTree = "<group>"; };
		373D254329C7B5D4004D2247 /* Info.plist */ = {isa = PBXFileReference; lastKnownFileType = text.plist.xml; path = Info.plist; sourceTree = "<group>"; };
		373D254E29C7B6E0004D2247 /* ImageCell.swift */ = {isa = PBXFileReference; lastKnownFileType = sourcecode.swift; path = ImageCell.swift; sourceTree = "<group>"; };
/* End PBXFileReference section */

/* Begin PBXFrameworksBuildPhase section */
		373D252F29C7B5D2004D2247 /* Frameworks */ = {
			isa = PBXFrameworksBuildPhase;
			buildActionMask = 2147483647;
			files = (
				373D254B29C7B63E004D2247 /* SnapKit in Frameworks */,
			);
			runOnlyForDeploymentPostprocessing = 0;
		};
/* End PBXFrameworksBuildPhase section */

/* Begin PBXGroup section */
		373D252929C7B5D2004D2247 = {
			isa = PBXGroup;
			children = (
				373D253429C7B5D2004D2247 /* SnapApp */,
				373D253329C7B5D2004D2247 /* Products */,
			);
			sourceTree = "<group>";
		};
		373D253329C7B5D2004D2247 /* Products */ = {
			isa = PBXGroup;
			children = (
				373D253229C7B5D2004D2247 /* SnapApp.app */,
			);
			name = Products;
			sourceTree = "<group>";
		};
		373D253429C7B5D2004D2247 /* SnapApp */ = {
			isa = PBXGroup;
			children = (
				373D253529C7B5D2004D2247 /* AppDelegate.swift */,
				373D253729C7B5D2004D2247 /* SceneDelegate.swift */,
				373D253929C7B5D2004D2247 /* ViewController.swift */,
				373D253B29C7B5D2004D2247 /* Main.storyboard */,
				373D253E29C7B5D4004D2247 /* Assets.xcassets */,
				373D254029C7B5D4004D2247 /* LaunchScreen.storyboard */,
				373D254329C7B5D4004D2247 /* Info.plist */,
				373D254E29C7B6E0004D2247 /* ImageCell.swift */,
			);
			path = SnapApp;
			sourceTree = "<group>";
		};
/* End PBXGroup section */

/* Begin PBXNativeTarget section */
		373D253129C7B5D2004D2247 /* SnapApp */ = {
			isa = PBXNativeTarget;
			buildConfigurationList = 373D254629C7B5D4004D2247 /* Build configuration list for PBXNativeTarget "SnapApp" */;
			buildPhases = (
				373D252E29C7B5D2004D2247 /* Sources */,
				373D252F29C7B5D2004D2247 /* Frameworks */,
				373D253029C7B5D2004D2247 /* Resources */,
			);
			buildRules = (
			);
			dependencies = (
			);
			name = SnapApp;
			packageProductDependencies = (
				373D254A29C7B63E004D2247 /* SnapKit */,
			);
			productName = SnapApp;
			productReference = 373D253229C7B5D2004D2247 /* SnapApp.app */;
			productType = "com.apple.product-type.application";
		};
/* End PBXNativeTarget section */

/* Begin PBXProject section */
		373D252A29C7B5D2004D2247 /* Project object */ = {
			isa = PBXProject;
			attributes = {
				BuildIndependentTargetsInParallel = 1;
				LastSwiftUpdateCheck = 1420;
				LastUpgradeCheck = 1420;
				TargetAttributes = {
					373D253129C7B5D2004D2247 = {
						CreatedOnToolsVersion = 14.2;
					};
				};
			};
			buildConfigurationList = 373D252D29C7B5D2004D2247 /* Build configuration list for PBXProject "SnapApp" */;
			compatibilityVersion = "Xcode 13.0";
			developmentRegion = en;
			hasScannedForEncodings = 0;
			knownRegions = (
				en,
				Base,
			);
			mainGroup = 373D252929C7B5D2004D2247;
			packageReferences = (
				373D254929C7B63E004D2247 /* XCRemoteSwiftPackageReference "SnapKit" */,
			);
			productRefGroup = 373D253329C7B5D2004D2247 /* Products */;
			projectDirPath = "";
			projectRoot = "";
			targets = (
				373D253129C7B5D2004D2247 /* SnapApp */,
			);
		};
/* End PBXProject section */

/* Begin PBXResourcesBuildPhase section */
		373D253029C7B5D2004D2247 /* Resources */ = {
			isa = PBXResourcesBuildPhase;
			buildActionMask = 2147483647;
			files = (
				373D254229C7B5D4004D2247 /* LaunchScreen.storyboard in Resources */,
				373D253F29C7B5D4004D2247 /* Assets.xcassets in Resources */,
				373D253D29C7B5D2004D2247 /* Main.storyboard in Resources */,
			);
			runOnlyForDeploymentPostprocessing = 0;
		};
/* End PBXResourcesBuildPhase section */

/* Begin PBXSourcesBuildPhase section */
		373D252E29C7B5D2004D2247 /* Sources */ = {
			isa = PBXSourcesBuildPhase;
			buildActionMask = 2147483647;
			files = (
				373D253A29C7B5D2004D2247 /* ViewController.swift in Sources */,
				373D254F29C7B6E0004D2247 /* ImageCell.swift in Sources */,
				373D253629C7B5D2004D2247 /* AppDelegate.swift in Sources */,
				373D253829C7B5D2004D2247 /* SceneDelegate.swift in Sources */,
			);
			runOnlyForDeploymentPostprocessing = 0;
		};
/* End PBXSourcesBuildPhase section */

/* Begin PBXVariantGroup section */
		373D253B29C7B5D2004D2247 /* Main.storyboard */ = {
			isa = PBXVariantGroup;
			children = (
				373D253C29C7B5D2004D2247 /* Base */,
			);
			name = Main.storyboard;
			sourceTree = "<group>";
		};
		373D254029C7B5D4004D2247 /* LaunchScreen.storyboard */ = {
			isa = PBXVariantGroup;
			children = (
				373D254129C7B5D4004D2247 /* Base */,
			);
			name = LaunchScreen.storyboard;
			sourceTree = "<group>";
		};
/* End PBXVariantGroup section */

/* Begin XCBuildConfiguration section */
		373D254429C7B5D4004D2247 /* Debug */ = {
			isa = XCBuildConfiguration;
			buildSettings = {
				ALWAYS_SEARCH_USER_PATHS = NO;
				CLANG_ANALYZER_NONNULL = YES;
				CLANG_ANALYZER_NUMBER_OBJECT_CONVERSION = YES_AGGRESSIVE;
				CLANG_CXX_LANGUAGE_STANDARD = "gnu++20";
				CLANG_ENABLE_MODULES = YES;
				CLANG_ENABLE_OBJC_ARC = YES;
				CLANG_ENABLE_OBJC_WEAK = YES;
				CLANG_WARN_BLOCK_CAPTURE_AUTORELEASING = YES;
				CLANG_WARN_BOOL_CONVERSION = YES;
				CLANG_WARN_COMMA = YES;
				CLANG_WARN_CONSTANT_CONVERSION = YES;
				CLANG_WARN_DEPRECATED_OBJC_IMPLEMENTATIONS = YES;
				CLANG_WARN_DIRECT_OBJC_ISA_USAGE = YES_ERROR;
				CLANG_WARN_DOCUMENTATION_COMMENTS = YES;
				CLANG_WARN_EMPTY_BODY = YES;
				CLANG_WARN_ENUM_CONVERSION = YES;
				CLANG_WARN_INFINITE_RECURSION = YES;
				CLANG_WARN_INT_CONVERSION = YES;
				CLANG_WARN_NON_LITERAL_NULL_CONVERSION = YES;
				CLANG_WARN_OBJC_IMPLICIT_RETAIN_SELF = YES;
				CLANG_WARN_OBJC_LITERAL_CONVERSION = YES;
				CLANG_WARN_OBJC_ROOT_CLASS = YES_ERROR;
				CLANG_WARN_QUOTED_INCLUDE_IN_FRAMEWORK_HEADER = YES;
				CLANG_WARN_RANGE_LOOP_ANALYSIS = YES;
				CLANG_WARN_STRICT_PROTOTYPES = YES;
				CLANG_WARN_SUSPICIOUS_MOVE = YES;
				CLANG_WARN_UNGUARDED_AVAILABILITY = YES_AGGRESSIVE;
				CLANG_WARN_UNREACHABLE_CODE = YES;
				CLANG_WARN__DUPLICATE_METHOD_MATCH = YES;
				COPY_PHASE_STRIP = NO;
				DEBUG_INFORMATION_FORMAT = dwarf;
				ENABLE_STRICT_OBJC_MSGSEND = YES;
				ENABLE_TESTABILITY = YES;
				GCC_C_LANGUAGE_STANDARD = gnu11;
				GCC_DYNAMIC_NO_PIC = NO;
				GCC_NO_COMMON_BLOCKS = YES;
				GCC_OPTIMIZATION_LEVEL = 0;
				GCC_PREPROCESSOR_DEFINITIONS = (
					"DEBUG=1",
					"$(inherited)",
				);
				GCC_WARN_64_TO_32_BIT_CONVERSION = YES;
				GCC_WARN_ABOUT_RETURN_TYPE = YES_ERROR;
				GCC_WARN_UNDECLARED_SELECTOR = YES;
				GCC_WARN_UNINITIALIZED_AUTOS = YES_AGGRESSIVE;
				GCC_WARN_UNUSED_FUNCTION = YES;
				GCC_WARN_UNUSED_VARIABLE = YES;
				IPHONEOS_DEPLOYMENT_TARGET = 16.2;
				MTL_ENABLE_DEBUG_INFO = INCLUDE_SOURCE;
				MTL_FAST_MATH = YES;
				ONLY_ACTIVE_ARCH = YES;
				SDKROOT = iphoneos;
				SWIFT_ACTIVE_COMPILATION_CONDITIONS = DEBUG;
				SWIFT_OPTIMIZATION_LEVEL = "-Onone";
			};
			name = Debug;
		};
		373D254529C7B5D4004D2247 /* Release */ = {
			isa = XCBuildConfiguration;
			buildSettings = {
				ALWAYS_SEARCH_USER_PATHS = NO;
				CLANG_ANALYZER_NONNULL = YES;
				CLANG_ANALYZER_NUMBER_OBJECT_CONVERSION = YES_AGGRESSIVE;
				CLANG_CXX_LANGUAGE_STANDARD = "gnu++20";
				CLANG_ENABLE_MODULES = YES;
				CLANG_ENABLE_OBJC_ARC = YES;
				CLANG_ENABLE_OBJC_WEAK = YES;
				CLANG_WARN_BLOCK_CAPTURE_AUTORELEASING = YES;
				CLANG_WARN_BOOL_CONVERSION = YES;
				CLANG_WARN_COMMA = YES;
				CLANG_WARN_CONSTANT_CONVERSION = YES;
				CLANG_WARN_DEPRECATED_OBJC_IMPLEMENTATIONS = YES;
				CLANG_WARN_DIRECT_OBJC_ISA_USAGE = YES_ERROR;
				CLANG_WARN_DOCUMENTATION_COMMENTS = YES;
				CLANG_WARN_EMPTY_BODY = YES;
				CLANG_WARN_ENUM_CONVERSION = YES;
				CLANG_WARN_INFINITE_RECURSION = YES;
				CLANG_WARN_INT_CONVERSION = YES;
				CLANG_WARN_NON_LITERAL_NULL_CONVERSION = YES;
				CLANG_WARN_OBJC_IMPLICIT_RETAIN_SELF = YES;
				CLANG_WARN_OBJC_LITERAL_CONVERSION = YES;
				CLANG_WARN_OBJC_ROOT_CLASS = YES_ERROR;
				CLANG_WARN_QUOTED_INCLUDE_IN_FRAMEWORK_HEADER = YES;
				CLANG_WARN_RANGE_LOOP_ANALYSIS = YES;
				CLANG_WARN_STRICT_PROTOTYPES = YES;
				CLANG_WARN_SUSPICIOUS_MOVE = YES;
				CLANG_WARN_UNGUARDED_AVAILABILITY = YES_AGGRESSIVE;
				CLANG_WARN_UNREACHABLE_CODE = YES;
				CLANG_WARN__DUPLICATE_METHOD_MATCH = YES;
				COPY_PHASE_STRIP = NO;
				DEBUG_INFORMATION_FORMAT = "dwarf-with-dsym";
				ENABLE_NS_ASSERTIONS = NO;
				ENABLE_STRICT_OBJC_MSGSEND = YES;
				GCC_C_LANGUAGE_STANDARD = gnu11;
				GCC_NO_COMMON_BLOCKS = YES;
				GCC_WARN_64_TO_32_BIT_CONVERSION = YES;
				GCC_WARN_ABOUT_RETURN_TYPE = YES_ERROR;
				GCC_WARN_UNDECLARED_SELECTOR = YES;
				GCC_WARN_UNINITIALIZED_AUTOS = YES_AGGRESSIVE;
				GCC_WARN_UNUSED_FUNCTION = YES;
				GCC_WARN_UNUSED_VARIABLE = YES;
				IPHONEOS_DEPLOYMENT_TARGET = 16.2;
				MTL_ENABLE_DEBUG_INFO = NO;
				MTL_FAST_MATH = YES;
				SDKROOT = iphoneos;
				SWIFT_COMPILATION_MODE = wholemodule;
				SWIFT_OPTIMIZATION_LEVEL = "-O";
				VALIDATE_PRODUCT = YES;
			};
			name = Release;
		};
		373D254729C7B5D4004D2247 /* Debug */ = {
			isa = XCBuildConfiguration;
			buildSettings = {
				ASSETCATALOG_COMPILER_APPICON_NAME = AppIcon;
				ASSETCATALOG_COMPILER_GLOBAL_ACCENT_COLOR_NAME = AccentColor;
				CODE_SIGN_STYLE = Automatic;
				CURRENT_PROJECT_VERSION = 1;
				DEVELOPMENT_TEAM = UM6H87Z62Q;
				GENERATE_INFOPLIST_FILE = YES;
				INFOPLIST_FILE = SnapApp/Info.plist;
				INFOPLIST_KEY_CFBundleDisplayName = SnapApp;
				INFOPLIST_KEY_UIApplicationSupportsIndirectInputEvents = YES;
				INFOPLIST_KEY_UILaunchStoryboardName = LaunchScreen;
				INFOPLIST_KEY_UIMainStoryboardFile = Main;
				INFOPLIST_KEY_UIStatusBarStyle = "";
				INFOPLIST_KEY_UISupportedInterfaceOrientations_iPad = "UIInterfaceOrientationPortrait UIInterfaceOrientationPortraitUpsideDown UIInterfaceOrientationLandscapeLeft UIInterfaceOrientationLandscapeRight";
				INFOPLIST_KEY_UISupportedInterfaceOrientations_iPhone = "UIInterfaceOrientationPortrait UIInterfaceOrientationLandscapeLeft UIInterfaceOrientationLandscapeRight";
				LD_RUNPATH_SEARCH_PATHS = (
					"$(inherited)",
					"@executable_path/Frameworks",
				);
				MARKETING_VERSION = 1.0;
				PRODUCT_BUNDLE_IDENTIFIER = Daniyal4Real.SnapApp;
				PRODUCT_NAME = "$(TARGET_NAME)";
				SWIFT_EMIT_LOC_STRINGS = YES;
				SWIFT_VERSION = 5.0;
				TARGETED_DEVICE_FAMILY = "1,2";
			};
			name = Debug;
		};
		373D254829C7B5D4004D2247 /* Release */ = {
			isa = XCBuildConfiguration;
			buildSettings = {
				ASSETCATALOG_COMPILER_APPICON_NAME = AppIcon;
				ASSETCATALOG_COMPILER_GLOBAL_ACCENT_COLOR_NAME = AccentColor;
				CODE_SIGN_STYLE = Automatic;
				CURRENT_PROJECT_VERSION = 1;
				DEVELOPMENT_TEAM = UM6H87Z62Q;
				GENERATE_INFOPLIST_FILE = YES;
				INFOPLIST_FILE = SnapApp/Info.plist;
				INFOPLIST_KEY_CFBundleDisplayName = SnapApp;
				INFOPLIST_KEY_UIApplicationSupportsIndirectInputEvents = YES;
				INFOPLIST_KEY_UILaunchStoryboardName = LaunchScreen;
				INFOPLIST_KEY_UIMainStoryboardFile = Main;
				INFOPLIST_KEY_UIStatusBarStyle = "";
				INFOPLIST_KEY_UISupportedInterfaceOrientations_iPad = "UIInterfaceOrientationPortrait UIInterfaceOrientationPortraitUpsideDown UIInterfaceOrientationLandscapeLeft UIInterfaceOrientationLandscapeRight";
				INFOPLIST_KEY_UISupportedInterfaceOrientations_iPhone = "UIInterfaceOrientationPortrait UIInterfaceOrientationLandscapeLeft UIInterfaceOrientationLandscapeRight";
				LD_RUNPATH_SEARCH_PATHS = (
					"$(inherited)",
					"@executable_path/Frameworks",
				);
				MARKETING_VERSION = 1.0;
				PRODUCT_BUNDLE_IDENTIFIER = Daniyal4Real.SnapApp;
				PRODUCT_NAME = "$(TARGET_NAME)";
				SWIFT_EMIT_LOC_STRINGS = YES;
				SWIFT_VERSION = 5.0;
				TARGETED_DEVICE_FAMILY = "1,2";
			};
			name = Release;
		};
/* End XCBuildConfiguration section */

/* Begin XCConfigurationList section */
		373D252D29C7B5D2004D2247 /* Build configuration list for PBXProject "SnapApp" */ = {
			isa = XCConfigurationList;
			buildConfigurations = (
				373D254429C7B5D4004D2247 /* Debug */,
				373D254529C7B5D4004D2247 /* Release */,
			);
			defaultConfigurationIsVisible = 0;
			defaultConfigurationName = Release;
		};
		373D254629C7B5D4004D2247 /* Build configuration list for PBXNativeTarget "SnapApp" */ = {
			isa = XCConfigurationList;
			buildConfigurations = (
				373D254729C7B5D4004D2247 /* Debug */,
				373D254829C7B5D4004D2247 /* Release */,
			);
			defaultConfigurationIsVisible = 0;
			defaultConfigurationName = Release;
		};
/* End XCConfigurationList section */

/* Begin XCRemoteSwiftPackageReference section */
		373D254929C7B63E004D2247 /* XCRemoteSwiftPackageReference "SnapKit" */ = {
			isa = XCRemoteSwiftPackageReference;
			repositoryURL = "https://github.com/SnapKit/SnapKit";
			requirement = {
				kind = upToNextMajorVersion;
				minimumVersion = 5.0.0;
			};
		};
/* End XCRemoteSwiftPackageReference section */

/* Begin XCSwiftPackageProductDependency section */
		373D254A29C7B63E004D2247 /* SnapKit */ = {
			isa = XCSwiftPackageProductDependency;
			package = 373D254929C7B63E004D2247 /* XCRemoteSwiftPackageReference "SnapKit" */;
			productName = SnapKit;
		};
/* End XCSwiftPackageProductDependency section */
	};
	rootObject = 373D252A29C7B5D2004D2247 /* Project object */;
}
